
Microsoft Visual Studio Solution File, Format Version 12.00
# Visual Studio Version 16
VisualStudioVersion = 16.0.30420.98
MinimumVisualStudioVersion = 10.0.40219.1
Project("{9A19103F-16F7-4668-BE54-9A1E7A4F7556}") = "ChurchSystem.Common", "ChurchSystem.Common\ChurchSystem.Common.csproj", "{B9B0DD79-2DD7-40EE-9C7A-62C3BAAA084F}"
EndProject
Project("{9A19103F-16F7-4668-BE54-9A1E7A4F7556}") = "ChurchSystem.Web", "ChurchSystem.Web\ChurchSystem.Web.csproj", "{013CDE32-402C-49F4-ACE0-3F1EFBBF45AE}"
EndProject
Project("{FAE04EC0-301F-11D3-BF4B-00C04F79EFBC}") = "ChurchSystem.Prism", "ChurchSystem.Prism\ChurchSystem.Prism\ChurchSystem.Prism.csproj", "{C5003C9C-F0D7-4B74-B3F6-6BAFEE230650}"
EndProject
Project("{FAE04EC0-301F-11D3-BF4B-00C04F79EFBC}") = "ChurchSystem.Prism.Android", "ChurchSystem.Prism\ChurchSystem.Prism.Android\ChurchSystem.Prism.Android.csproj", "{65A65184-8559-4B35-9311-D431D5C0B630}"
EndProject
Global
	GlobalSection(SolutionConfigurationPlatforms) = preSolution
		Debug|Any CPU = Debug|Any CPU
		Release|Any CPU = Release|Any CPU
	EndGlobalSection
	GlobalSection(ProjectConfigurationPlatforms) = postSolution
		{B9B0DD79-2DD7-40EE-9C7A-62C3BAAA084F}.Debug|Any CPU.ActiveCfg = Debug|Any CPU
		{B9B0DD79-2DD7-40EE-9C7A-62C3BAAA084F}.Debug|Any CPU.Build.0 = Debug|Any CPU
		{B9B0DD79-2DD7-40EE-9C7A-62C3BAAA084F}.Release|Any CPU.ActiveCfg = Release|Any CPU
		{B9B0DD79-2DD7-40EE-9C7A-62C3BAAA084F}.Release|Any CPU.Build.0 = Release|Any CPU
		{013CDE32-402C-49F4-ACE0-3F1EFBBF45AE}.Debug|Any CPU.ActiveCfg = Debug|Any CPU
		{013CDE32-402C-49F4-ACE0-3F1EFBBF45AE}.Debug|Any CPU.Build.0 = Debug|Any CPU
		{013CDE32-402C-49F4-ACE0-3F1EFBBF45AE}.Release|Any CPU.ActiveCfg = Release|Any CPU
		{013CDE32-402C-49F4-ACE0-3F1EFBBF45AE}.Release|Any CPU.Build.0 = Release|Any CPU
		{C5003C9C-F0D7-4B74-B3F6-6BAFEE230650}.Debug|Any CPU.ActiveCfg = Debug|Any CPU
		{C5003C9C-F0D7-4B74-B3F6-6BAFEE230650}.Debug|Any CPU.Build.0 = Debug|Any CPU
		{C5003C9C-F0D7-4B74-B3F6-6BAFEE230650}.Release|Any CPU.ActiveCfg = Release|Any CPU
		{C5003C9C-F0D7-4B74-B3F6-6BAFEE230650}.Release|Any CPU.Build.0 = Release|Any CPU
		{65A65184-8559-4B35-9311-D431D5C0B630}.Debug|Any CPU.ActiveCfg = Debug|Any CPU
		{65A65184-8559-4B35-9311-D431D5C0B630}.Debug|Any CPU.Build.0 = Debug|Any CPU
		{65A65184-8559-4B35-9311-D431D5C0B630}.Debug|Any CPU.Deploy.0 = Debug|Any CPU
		{65A65184-8559-4B35-9311-D431D5C0B630}.Release|Any CPU.ActiveCfg = Release|Any CPU
		{65A65184-8559-4B35-9311-D431D5C0B630}.Release|Any CPU.Build.0 = Release|Any CPU
		{65A65184-8559-4B35-9311-D431D5C0B630}.Release|Any CPU.Deploy.0 = Release|Any CPU
	EndGlobalSection
	GlobalSection(SolutionProperties) = preSolution
		HideSolutionNode = FALSE
	EndGlobalSection
	GlobalSection(ExtensibilityGlobals) = postSolution
		SolutionGuid = {4C993D22-C4CC-41F9-AD79-2F488BACF258}
	EndGlobalSection
EndGlobal
